PODS:
  - SwiftyImageCache (1.2.2)

DEPENDENCIES:
  - SwiftyImageCache (from `https://github.com/ArtemBoboshkoSelecto/SwiftyImageCache.git`)

EXTERNAL SOURCES:
  SwiftyImageCache:
    :git: https://github.com/ArtemBoboshkoSelecto/SwiftyImageCache.git

CHECKOUT OPTIONS:
  SwiftyImageCache:
    :commit: a56b12cdb307cf91a1eb0b5cd04b572f4a804ef6
    :git: https://github.com/ArtemBoboshkoSelecto/SwiftyImageCache.git

SPEC CHECKSUMS:
  SwiftyImageCache: 05bd06db35ab7fdcb96d1b5aed202ea55585c752

PODFILE CHECKSUM: 6b43d84d165fba37a490cb33e8f2ea24ef50a7d1

COCOAPODS: 1.9.1
